
Microsoft Visual Studio Solution File, Format Version 12.00
# Visual Studio Version 16
VisualStudioVersion = 16.0.31515.178
MinimumVisualStudioVersion = 10.0.40219.1
Project("{FAE04EC0-301F-11D3-BF4B-00C04F79EFBC}") = "U1", "U1.csproj", "{33CE8056-CC4F-4F21-A5CF-2AD6EA67B08D}"
EndProject
Global
	GlobalSection(SolutionConfigurationPlatforms) = preSolution
		Debug|Any CPU = Debug|Any CPU
		Release|Any CPU = Release|Any CPU
	EndGlobalSection
	GlobalSection(ProjectConfigurationPlatforms) = postSolution
		{33CE8056-CC4F-4F21-A5CF-2AD6EA67B08D}.Debug|Any CPU.ActiveCfg = Debug|Any CPU
		{33CE8056-CC4F-4F21-A5CF-2AD6EA67B08D}.Debug|Any CPU.Build.0 = Debug|Any CPU
		{33CE8056-CC4F-4F21-A5CF-2AD6EA67B08D}.Release|Any CPU.ActiveCfg = Release|Any CPU
		{33CE8056-CC4F-4F21-A5CF-2AD6EA67B08D}.Release|Any CPU.Build.0 = Release|Any CPU
	EndGlobalSection
	GlobalSection(SolutionProperties) = preSolution
		HideSolutionNode = FALSE
	EndGlobalSection
	GlobalSection(ExtensibilityGlobals) = postSolution
		SolutionGuid = {0A4BD4C5-80C3-463C-95A0-9D79E156E5A5}
	EndGlobalSection
EndGlobal
